
Microsoft Visual Studio Solution File, Format Version 12.00
# Visual Studio Version 17
VisualStudioVersion = 17.1.32210.238
MinimumVisualStudioVersion = 10.0.40219.1
Project("{9A19103F-16F7-4668-BE54-9A1E7A4F7556}") = "WebDriverTestsDemo", "WebDriverTestsDemo\WebDriverTestsDemo.csproj", "{8EDCCC12-77CC-4183-B4C9-8A556C56908C}"
EndProject
Project("{9A19103F-16F7-4668-BE54-9A1E7A4F7556}") = "NUnitWebDriverTests", "NUnitWebDriverTests\NUnitWebDriverTests.csproj", "{070FD519-75BE-447B-9872-6E83CA7F718B}"
EndProject
Project("{FAE04EC0-301F-11D3-BF4B-00C04F79EFBC}") = "DataDrivenCalculator", "DataDrivenCalculator\DataDrivenCalculator.csproj", "{D0703E05-41F7-4D83-B832-49C7ABC7F091}"
EndProject
Global
	GlobalSection(SolutionConfigurationPlatforms) = preSolution
		Debug|Any CPU = Debug|Any CPU
		Release|Any CPU = Release|Any CPU
	EndGlobalSection
	GlobalSection(ProjectConfigurationPlatforms) = postSolution
		{8EDCCC12-77CC-4183-B4C9-8A556C56908C}.Debug|Any CPU.ActiveCfg = Debug|Any CPU
		{8EDCCC12-77CC-4183-B4C9-8A556C56908C}.Debug|Any CPU.Build.0 = Debug|Any CPU
		{8EDCCC12-77CC-4183-B4C9-8A556C56908C}.Release|Any CPU.ActiveCfg = Release|Any CPU
		{8EDCCC12-77CC-4183-B4C9-8A556C56908C}.Release|Any CPU.Build.0 = Release|Any CPU
		{070FD519-75BE-447B-9872-6E83CA7F718B}.Debug|Any CPU.ActiveCfg = Debug|Any CPU
		{070FD519-75BE-447B-9872-6E83CA7F718B}.Debug|Any CPU.Build.0 = Debug|Any CPU
		{070FD519-75BE-447B-9872-6E83CA7F718B}.Release|Any CPU.ActiveCfg = Release|Any CPU
		{070FD519-75BE-447B-9872-6E83CA7F718B}.Release|Any CPU.Build.0 = Release|Any CPU
		{D0703E05-41F7-4D83-B832-49C7ABC7F091}.Debug|Any CPU.ActiveCfg = Debug|Any CPU
		{D0703E05-41F7-4D83-B832-49C7ABC7F091}.Debug|Any CPU.Build.0 = Debug|Any CPU
		{D0703E05-41F7-4D83-B832-49C7ABC7F091}.Release|Any CPU.ActiveCfg = Release|Any CPU
		{D0703E05-41F7-4D83-B832-49C7ABC7F091}.Release|Any CPU.Build.0 = Release|Any CPU
	EndGlobalSection
	GlobalSection(SolutionProperties) = preSolution
		HideSolutionNode = FALSE
	EndGlobalSection
	GlobalSection(ExtensibilityGlobals) = postSolution
		SolutionGuid = {643314EC-D384-4048-A2BD-07C4C1DE20CF}
	EndGlobalSection
EndGlobal
